
Microsoft Visual Studio Solution File, Format Version 12.00
# Visual Studio 14
VisualStudioVersion = 14.0.24720.0
MinimumVisualStudioVersion = 10.0.40219.1
Project("{FAE04EC0-301F-11D3-BF4B-00C04F79EFBC}") = "StrategyPattern2", "StrategyPattern2\StrategyPattern2.csproj", "{A09CB377-DB18-4CA7-AB7F-DF7C430424CA}"
EndProject
Global
	GlobalSection(SolutionConfigurationPlatforms) = preSolution
		Debug|Any CPU = Debug|Any CPU
		Release|Any CPU = Release|Any CPU
	EndGlobalSection
	GlobalSection(ProjectConfigurationPlatforms) = postSolution
		{A09CB377-DB18-4CA7-AB7F-DF7C430424CA}.Debug|Any CPU.ActiveCfg = Debug|Any CPU
		{A09CB377-DB18-4CA7-AB7F-DF7C430424CA}.Debug|Any CPU.Build.0 = Debug|Any CPU
		{A09CB377-DB18-4CA7-AB7F-DF7C430424CA}.Release|Any CPU.ActiveCfg = Release|Any CPU
		{A09CB377-DB18-4CA7-AB7F-DF7C430424CA}.Release|Any CPU.Build.0 = Release|Any CPU
	EndGlobalSection
	GlobalSection(SolutionProperties) = preSolution
		HideSolutionNode = FALSE
	EndGlobalSection
EndGlobal
